
Microsoft Visual Studio Solution File, Format Version 11.00
# Visual Studio 2010
# SharpDevelop 5.1
Project("{FAE04EC0-301F-11D3-BF4B-00C04F79EFBC}") = "FailoviiProcessor", "FailoviiProcessor.csproj", "{BB3F19ED-8ADC-45E9-A80A-0C0B8F1133CA}"
EndProject
Global
	GlobalSection(SolutionConfigurationPlatforms) = preSolution
		Debug|Any CPU = Debug|Any CPU
		Release|Any CPU = Release|Any CPU
	EndGlobalSection
	GlobalSection(ProjectConfigurationPlatforms) = postSolution
		{BB3F19ED-8ADC-45E9-A80A-0C0B8F1133CA}.Debug|Any CPU.ActiveCfg = Debug|Any CPU
		{BB3F19ED-8ADC-45E9-A80A-0C0B8F1133CA}.Debug|Any CPU.Build.0 = Debug|Any CPU
		{BB3F19ED-8ADC-45E9-A80A-0C0B8F1133CA}.Release|Any CPU.ActiveCfg = Release|Any CPU
		{BB3F19ED-8ADC-45E9-A80A-0C0B8F1133CA}.Release|Any CPU.Build.0 = Release|Any CPU
	EndGlobalSection
EndGlobal
